
Microsoft Visual Studio Solution File, Format Version 12.00
# Visual Studio Version 17
VisualStudioVersion = 17.2.32602.215
MinimumVisualStudioVersion = 10.0.40219.1
Project("{FAE04EC0-301F-11D3-BF4B-00C04F79EFBC}") = "StacksAndQueues", "StacksAndQueues.csproj", "{863DE318-B943-4077-9554-741E29E69D41}"
EndProject
Global
	GlobalSection(SolutionConfigurationPlatforms) = preSolution
		Debug|Any CPU = Debug|Any CPU
		Release|Any CPU = Release|Any CPU
	EndGlobalSection
	GlobalSection(ProjectConfigurationPlatforms) = postSolution
		{863DE318-B943-4077-9554-741E29E69D41}.Debug|Any CPU.ActiveCfg = Debug|Any CPU
		{863DE318-B943-4077-9554-741E29E69D41}.Debug|Any CPU.Build.0 = Debug|Any CPU
		{863DE318-B943-4077-9554-741E29E69D41}.Release|Any CPU.ActiveCfg = Release|Any CPU
		{863DE318-B943-4077-9554-741E29E69D41}.Release|Any CPU.Build.0 = Release|Any CPU
	EndGlobalSection
	GlobalSection(SolutionProperties) = preSolution
		HideSolutionNode = FALSE
	EndGlobalSection
	GlobalSection(ExtensibilityGlobals) = postSolution
		SolutionGuid = {644B27C9-7FC4-4E85-AB07-8953AA1FEC2C}
	EndGlobalSection
EndGlobal
